
Microsoft Visual Studio Solution File, Format Version 12.00
# Visual Studio Version 17
VisualStudioVersion = 17.4.33122.133
MinimumVisualStudioVersion = 10.0.40219.1
Project("{FAE04EC0-301F-11D3-BF4B-00C04F79EFBC}") = "ASP_MVC_Contoso", "ASP_MVC_Contoso\ASP_MVC_Contoso.csproj", "{0A41E719-8F41-49DE-B1F0-3BEC6C9C6EF2}"
EndProject
Global
	GlobalSection(SolutionConfigurationPlatforms) = preSolution
		Debug|Any CPU = Debug|Any CPU
		Release|Any CPU = Release|Any CPU
	EndGlobalSection
	GlobalSection(ProjectConfigurationPlatforms) = postSolution
		{0A41E719-8F41-49DE-B1F0-3BEC6C9C6EF2}.Debug|Any CPU.ActiveCfg = Debug|Any CPU
		{0A41E719-8F41-49DE-B1F0-3BEC6C9C6EF2}.Debug|Any CPU.Build.0 = Debug|Any CPU
		{0A41E719-8F41-49DE-B1F0-3BEC6C9C6EF2}.Release|Any CPU.ActiveCfg = Release|Any CPU
		{0A41E719-8F41-49DE-B1F0-3BEC6C9C6EF2}.Release|Any CPU.Build.0 = Release|Any CPU
	EndGlobalSection
	GlobalSection(SolutionProperties) = preSolution
		HideSolutionNode = FALSE
	EndGlobalSection
	GlobalSection(ExtensibilityGlobals) = postSolution
		SolutionGuid = {E318580B-05CE-44F7-80A8-1173B4BA7A7B}
	EndGlobalSection
EndGlobal
